
Microsoft Visual Studio Solution File, Format Version 12.00
Project("{2150E333-8FDC-42A3-9474-1A3956D46DE8}") = "DisablingEvaluation", "DisablingEvaluation", "{EDF82211-ADD9-4D05-B443-DA7B5C093BB4}"
EndProject
Project("{FAE04EC0-301F-11D3-BF4B-00C04F79EFBC}") = "DisEvalNet5", "DisablingEvaluation\DisEvalNet5\DisEvalNet5.csproj", "{5AF28768-3A27-4953-9E95-F1CD2B2ECB96}"
EndProject
Project("{FAE04EC0-301F-11D3-BF4B-00C04F79EFBC}") = "DisEvalNetCore3", "DisablingEvaluation\DisEvalNetCore3\DisEvalNetCore3.csproj", "{F236EBD4-2936-40BB-A58F-43F89FC316C5}"
EndProject
Project("{FAE04EC0-301F-11D3-BF4B-00C04F79EFBC}") = "DisEvalNetFramework472", "DisablingEvaluation\DisEvalNetFramework472\DisEvalNetFramework472.csproj", "{0D623B88-E290-4E1F-BD66-2A70CCF31858}"
EndProject
Project("{2150E333-8FDC-42A3-9474-1A3956D46DE8}") = "Exceptions", "Exceptions", "{8BE1F02B-38F9-42A2-B8CA-81BF508EB491}"
EndProject
Project("{FAE04EC0-301F-11D3-BF4B-00C04F79EFBC}") = "Exc5", "Exc5\Exc5.csproj", "{7360A873-6F4E-4A0B-9542-EAF99F9D8D7B}"
EndProject
Project("{FAE04EC0-301F-11D3-BF4B-00C04F79EFBC}") = "TextExc5", "TextExc5\TextExc5.csproj", "{128F4F45-C0D1-49BC-A7F8-81921AA218F4}"
EndProject
Global
	GlobalSection(SolutionConfigurationPlatforms) = preSolution
		Debug|Any CPU = Debug|Any CPU
		Release|Any CPU = Release|Any CPU
	EndGlobalSection
	GlobalSection(ProjectConfigurationPlatforms) = postSolution
		{5AF28768-3A27-4953-9E95-F1CD2B2ECB96}.Debug|Any CPU.ActiveCfg = Debug|Any CPU
		{5AF28768-3A27-4953-9E95-F1CD2B2ECB96}.Debug|Any CPU.Build.0 = Debug|Any CPU
		{5AF28768-3A27-4953-9E95-F1CD2B2ECB96}.Release|Any CPU.ActiveCfg = Release|Any CPU
		{5AF28768-3A27-4953-9E95-F1CD2B2ECB96}.Release|Any CPU.Build.0 = Release|Any CPU
		{F236EBD4-2936-40BB-A58F-43F89FC316C5}.Debug|Any CPU.ActiveCfg = Debug|Any CPU
		{F236EBD4-2936-40BB-A58F-43F89FC316C5}.Debug|Any CPU.Build.0 = Debug|Any CPU
		{F236EBD4-2936-40BB-A58F-43F89FC316C5}.Release|Any CPU.ActiveCfg = Release|Any CPU
		{F236EBD4-2936-40BB-A58F-43F89FC316C5}.Release|Any CPU.Build.0 = Release|Any CPU
		{0D623B88-E290-4E1F-BD66-2A70CCF31858}.Debug|Any CPU.ActiveCfg = Debug|Any CPU
		{0D623B88-E290-4E1F-BD66-2A70CCF31858}.Debug|Any CPU.Build.0 = Debug|Any CPU
		{0D623B88-E290-4E1F-BD66-2A70CCF31858}.Release|Any CPU.ActiveCfg = Release|Any CPU
		{0D623B88-E290-4E1F-BD66-2A70CCF31858}.Release|Any CPU.Build.0 = Release|Any CPU
		{7360A873-6F4E-4A0B-9542-EAF99F9D8D7B}.Debug|Any CPU.ActiveCfg = Debug|Any CPU
		{7360A873-6F4E-4A0B-9542-EAF99F9D8D7B}.Debug|Any CPU.Build.0 = Debug|Any CPU
		{7360A873-6F4E-4A0B-9542-EAF99F9D8D7B}.Release|Any CPU.ActiveCfg = Release|Any CPU
		{7360A873-6F4E-4A0B-9542-EAF99F9D8D7B}.Release|Any CPU.Build.0 = Release|Any CPU
		{128F4F45-C0D1-49BC-A7F8-81921AA218F4}.Debug|Any CPU.ActiveCfg = Debug|Any CPU
		{128F4F45-C0D1-49BC-A7F8-81921AA218F4}.Debug|Any CPU.Build.0 = Debug|Any CPU
		{128F4F45-C0D1-49BC-A7F8-81921AA218F4}.Release|Any CPU.ActiveCfg = Release|Any CPU
		{128F4F45-C0D1-49BC-A7F8-81921AA218F4}.Release|Any CPU.Build.0 = Release|Any CPU
	EndGlobalSection
	GlobalSection(NestedProjects) = preSolution
		{5AF28768-3A27-4953-9E95-F1CD2B2ECB96} = {EDF82211-ADD9-4D05-B443-DA7B5C093BB4}
		{F236EBD4-2936-40BB-A58F-43F89FC316C5} = {EDF82211-ADD9-4D05-B443-DA7B5C093BB4}
		{0D623B88-E290-4E1F-BD66-2A70CCF31858} = {EDF82211-ADD9-4D05-B443-DA7B5C093BB4}
		{7360A873-6F4E-4A0B-9542-EAF99F9D8D7B} = {8BE1F02B-38F9-42A2-B8CA-81BF508EB491}
		{128F4F45-C0D1-49BC-A7F8-81921AA218F4} = {8BE1F02B-38F9-42A2-B8CA-81BF508EB491}
	EndGlobalSection
EndGlobal
